// !$*UTF8*$!
{
	archiveVersion = 1;
	classes = {
	};
	objectVersion = 50;
	objects = {

/* Begin PBXBuildFile section */
		D821CE3724B346D500482EE9 /* DataSource.swift in Sources */ = {isa = PBXBuildFile; fileRef = D821CE3624B346D500482EE9 /* DataSource.swift */; };
		D84E55F124B21250006CB136 /* AppDelegate.swift in Sources */ = {isa = PBXBuildFile; fileRef = D84E55F024B21250006CB136 /* AppDelegate.swift */; };
		D84E55F324B21250006CB136 /* SceneDelegate.swift in Sources */ = {isa = PBXBuildFile; fileRef = D84E55F224B21250006CB136 /* SceneDelegate.swift */; };
		D84E55F824B21250006CB136 /* Main.storyboard in Resources */ = {isa = PBXBuildFile; fileRef = D84E55F624B21250006CB136 /* Main.storyboard */; };
		D84E55FA24B21251006CB136 /* Assets.xcassets in Resources */ = {isa = PBXBuildFile; fileRef = D84E55F924B21251006CB136 /* Assets.xcassets */; };
		D84E55FD24B21251006CB136 /* LaunchScreen.storyboard in Resources */ = {isa = PBXBuildFile; fileRef = D84E55FB24B21251006CB136 /* LaunchScreen.storyboard */; };
		D84E560524B252FD006CB136 /* MainTableViewController.swift in Sources */ = {isa = PBXBuildFile; fileRef = D84E560424B252FD006CB136 /* MainTableViewController.swift */; };
		D84E560824B25B5D006CB136 /* CountryViewModel.swift in Sources */ = {isa = PBXBuildFile; fileRef = D84E560724B25B5D006CB136 /* CountryViewModel.swift */; };
		D84E560A24B25EBC006CB136 /* CountryTableViewCell.swift in Sources */ = {isa = PBXBuildFile; fileRef = D84E560924B25EBC006CB136 /* CountryTableViewCell.swift */; };
		D84E561024B264E4006CB136 /* ImageLoader.swift in Sources */ = {isa = PBXBuildFile; fileRef = D84E560F24B264E4006CB136 /* ImageLoader.swift */; };
/* End PBXBuildFile section */

/* Begin PBXFileReference section */
		D821CE3624B346D500482EE9 /* DataSource.swift */ = {isa = PBXFileReference; lastKnownFileType = sourcecode.swift; path = DataSource.swift; sourceTree = "<group>"; };
		D84E55ED24B21250006CB136 /* UsanovTestApp.app */ = {isa = PBXFileReference; explicitFileType = wrapper.application; includeInIndex = 0; path = UsanovTestApp.app; sourceTree = BUILT_PRODUCTS_DIR; };
		D84E55F024B21250006CB136 /* AppDelegate.swift */ = {isa = PBXFileReference; lastKnownFileType = sourcecode.swift; path = AppDelegate.swift; sourceTree = "<group>"; };
		D84E55F224B21250006CB136 /* SceneDelegate.swift */ = {isa = PBXFileReference; lastKnownFileType = sourcecode.swift; path = SceneDelegate.swift; sourceTree = "<group>"; };
		D84E55F724B21250006CB136 /* Base */ = {isa = PBXFileReference; lastKnownFileType = file.storyboard; name = Base; path = Base.lproj/Main.storyboard; sourceTree = "<group>"; };
		D84E55F924B21251006CB136 /* Assets.xcassets */ = {isa = PBXFileReference; lastKnownFileType = folder.assetcatalog; path = Assets.xcassets; sourceTree = "<group>"; };
		D84E55FC24B21251006CB136 /* Base */ = {isa = PBXFileReference; lastKnownFileType = file.storyboard; name = Base; path = Base.lproj/LaunchScreen.storyboard; sourceTree = "<group>"; };
		D84E55FE24B21251006CB136 /* Info.plist */ = {isa = PBXFileReference; lastKnownFileType = text.plist.xml; path = Info.plist; sourceTree = "<group>"; };
		D84E560424B252FD006CB136 /* MainTableViewController.swift */ = {isa = PBXFileReference; lastKnownFileType = sourcecode.swift; path = MainTableViewController.swift; sourceTree = "<group>"; };
		D84E560724B25B5D006CB136 /* CountryViewModel.swift */ = {isa = PBXFileReference; lastKnownFileType = sourcecode.swift; path = CountryViewModel.swift; sourceTree = "<group>"; };
		D84E560924B25EBC006CB136 /* CountryTableViewCell.swift */ = {isa = PBXFileReference; lastKnownFileType = sourcecode.swift; path = CountryTableViewCell.swift; sourceTree = "<group>"; };
		D84E560F24B264E4006CB136 /* ImageLoader.swift */ = {isa = PBXFileReference; lastKnownFileType = sourcecode.swift; path = ImageLoader.swift; sourceTree = "<group>"; };
/* End PBXFileReference section */

/* Begin PBXFrameworksBuildPhase section */
		D84E55EA24B21250006CB136 /* Frameworks */ = {
			isa = PBXFrameworksBuildPhase;
			buildActionMask = 2147483647;
			files = (
			);
			runOnlyForDeploymentPostprocessing = 0;
		};
/* End PBXFrameworksBuildPhase section */

/* Begin PBXGroup section */
		D821CE3824B34E2600482EE9 /* Helper */ = {
			isa = PBXGroup;
			children = (
				D84E560F24B264E4006CB136 /* ImageLoader.swift */,
			);
			path = Helper;
			sourceTree = "<group>";
		};
		D821CE3924B34E3600482EE9 /* Cell */ = {
			isa = PBXGroup;
			children = (
				D84E560924B25EBC006CB136 /* CountryTableViewCell.swift */,
			);
			path = Cell;
			sourceTree = "<group>";
		};
		D82BA51C24B26E4C00E7B794 /* Controller */ = {
			isa = PBXGroup;
			children = (
				D84E560424B252FD006CB136 /* MainTableViewController.swift */,
			);
			path = Controller;
			sourceTree = "<group>";
		};
		D84E55E424B21250006CB136 = {
			isa = PBXGroup;
			children = (
				D84E55EF24B21250006CB136 /* UsanovTestApp */,
				D84E55EE24B21250006CB136 /* Products */,
			);
			sourceTree = "<group>";
		};
		D84E55EE24B21250006CB136 /* Products */ = {
			isa = PBXGroup;
			children = (
				D84E55ED24B21250006CB136 /* UsanovTestApp.app */,
			);
			name = Products;
			sourceTree = "<group>";
		};
		D84E55EF24B21250006CB136 /* UsanovTestApp */ = {
			isa = PBXGroup;
			children = (
				D821CE3924B34E3600482EE9 /* Cell */,
				D821CE3824B34E2600482EE9 /* Helper */,
				D82BA51C24B26E4C00E7B794 /* Controller */,
				D84E560624B25B36006CB136 /* Models */,
				D84E55F024B21250006CB136 /* AppDelegate.swift */,
				D84E55F224B21250006CB136 /* SceneDelegate.swift */,
				D84E55F624B21250006CB136 /* Main.storyboard */,
				D84E55F924B21251006CB136 /* Assets.xcassets */,
				D84E55FB24B21251006CB136 /* LaunchScreen.storyboard */,
				D84E55FE24B21251006CB136 /* Info.plist */,
			);
			path = UsanovTestApp;
			sourceTree = "<group>";
		};
		D84E560624B25B36006CB136 /* Models */ = {
			isa = PBXGroup;
			children = (
				D84E560724B25B5D006CB136 /* CountryViewModel.swift */,
				D821CE3624B346D500482EE9 /* DataSource.swift */,
			);
			path = Models;
			sourceTree = "<group>";
		};
/* End PBXGroup section */

/* Begin PBXNativeTarget section */
		D84E55EC24B21250006CB136 /* UsanovTestApp */ = {
			isa = PBXNativeTarget;
			buildConfigurationList = D84E560124B21251006CB136 /* Build configuration list for PBXNativeTarget "UsanovTestApp" */;
			buildPhases = (
				D84E55E924B21250006CB136 /* Sources */,
				D84E55EA24B21250006CB136 /* Frameworks */,
				D84E55EB24B21250006CB136 /* Resources */,
			);
			buildRules = (
			);
			dependencies = (
			);
			name = UsanovTestApp;
			productName = UsanovTestApp;
			productReference = D84E55ED24B21250006CB136 /* UsanovTestApp.app */;
			productType = "com.apple.product-type.application";
		};
/* End PBXNativeTarget section */

/* Begin PBXProject section */
		D84E55E524B21250006CB136 /* Project object */ = {
			isa = PBXProject;
			attributes = {
				LastSwiftUpdateCheck = 1150;
				LastUpgradeCheck = 1200;
				ORGANIZATIONNAME = "Алексей Усанов";
				TargetAttributes = {
					D84E55EC24B21250006CB136 = {
						CreatedOnToolsVersion = 11.5;
					};
				};
			};
			buildConfigurationList = D84E55E824B21250006CB136 /* Build configuration list for PBXProject "UsanovTestApp" */;
			compatibilityVersion = "Xcode 9.3";
			developmentRegion = en;
			hasScannedForEncodings = 0;
			knownRegions = (
				en,
				Base,
			);
			mainGroup = D84E55E424B21250006CB136;
			productRefGroup = D84E55EE24B21250006CB136 /* Products */;
			projectDirPath = "";
			projectRoot = "";
			targets = (
				D84E55EC24B21250006CB136 /* UsanovTestApp */,
			);
		};
/* End PBXProject section */

/* Begin PBXResourcesBuildPhase section */
		D84E55EB24B21250006CB136 /* Resources */ = {
			isa = PBXResourcesBuildPhase;
			buildActionMask = 2147483647;
			files = (
				D84E55FD24B21251006CB136 /* LaunchScreen.storyboard in Resources */,
				D84E55FA24B21251006CB136 /* Assets.xcassets in Resources */,
				D84E55F824B21250006CB136 /* Main.storyboard in Resources */,
			);
			runOnlyForDeploymentPostprocessing = 0;
		};
/* End PBXResourcesBuildPhase section */

/* Begin PBXSourcesBuildPhase section */
		D84E55E924B21250006CB136 /* Sources */ = {
			isa = PBXSourcesBuildPhase;
			buildActionMask = 2147483647;
			files = (
				D84E55F124B21250006CB136 /* AppDelegate.swift in Sources */,
				D84E560524B252FD006CB136 /* MainTableViewController.swift in Sources */,
				D84E561024B264E4006CB136 /* ImageLoader.swift in Sources */,
				D84E560824B25B5D006CB136 /* CountryViewModel.swift in Sources */,
				D84E55F324B21250006CB136 /* SceneDelegate.swift in Sources */,
				D821CE3724B346D500482EE9 /* DataSource.swift in Sources */,
				D84E560A24B25EBC006CB136 /* CountryTableViewCell.swift in Sources */,
			);
			runOnlyForDeploymentPostprocessing = 0;
		};
/* End PBXSourcesBuildPhase section */

/* Begin PBXVariantGroup section */
		D84E55F624B21250006CB136 /* Main.storyboard */ = {
			isa = PBXVariantGroup;
			children = (
				D84E55F724B21250006CB136 /* Base */,
			);
			name = Main.storyboard;
			sourceTree = "<group>";
		};
		D84E55FB24B21251006CB136 /* LaunchScreen.storyboard */ = {
			isa = PBXVariantGroup;
			children = (
				D84E55FC24B21251006CB136 /* Base */,
			);
			name = LaunchScreen.storyboard;
			sourceTree = "<group>";
		};
/* End PBXVariantGroup section */

/* Begin XCBuildConfiguration section */
		D84E55FF24B21251006CB136 /* Debug */ = {
			isa = XCBuildConfiguration;
			buildSettings = {
				ALWAYS_SEARCH_USER_PATHS = NO;
				CLANG_ANALYZER_NONNULL = YES;
				CLANG_ANALYZER_NUMBER_OBJECT_CONVERSION = YES_AGGRESSIVE;
				CLANG_CXX_LANGUAGE_STANDARD = "gnu++14";
				CLANG_CXX_LIBRARY = "libc++";
				CLANG_ENABLE_MODULES = YES;
				CLANG_ENABLE_OBJC_ARC = YES;
				CLANG_ENABLE_OBJC_WEAK = YES;
				CLANG_WARN_BLOCK_CAPTURE_AUTORELEASING = YES;
				CLANG_WARN_BOOL_CONVERSION = YES;
				CLANG_WARN_COMMA = YES;
				CLANG_WARN_CONSTANT_CONVERSION = YES;
				CLANG_WARN_DEPRECATED_OBJC_IMPLEMENTATIONS = YES;
				CLANG_WARN_DIRECT_OBJC_ISA_USAGE = YES_ERROR;
				CLANG_WARN_DOCUMENTATION_COMMENTS = YES;
				CLANG_WARN_EMPTY_BODY = YES;
				CLANG_WARN_ENUM_CONVERSION = YES;
				CLANG_WARN_INFINITE_RECURSION = YES;
				CLANG_WARN_INT_CONVERSION = YES;
				CLANG_WARN_NON_LITERAL_NULL_CONVERSION = YES;
				CLANG_WARN_OBJC_IMPLICIT_RETAIN_SELF = YES;
				CLANG_WARN_OBJC_LITERAL_CONVERSION = YES;
				CLANG_WARN_OBJC_ROOT_CLASS = YES_ERROR;
				CLANG_WARN_QUOTED_INCLUDE_IN_FRAMEWORK_HEADER = YES;
				CLANG_WARN_RANGE_LOOP_ANALYSIS = YES;
				CLANG_WARN_STRICT_PROTOTYPES = YES;
				CLANG_WARN_SUSPICIOUS_MOVE = YES;
				CLANG_WARN_UNGUARDED_AVAILABILITY = YES_AGGRESSIVE;
				CLANG_WARN_UNREACHABLE_CODE = YES;
				CLANG_WARN__DUPLICATE_METHOD_MATCH = YES;
				COPY_PHASE_STRIP = NO;
				DEBUG_INFORMATION_FORMAT = dwarf;
				ENABLE_STRICT_OBJC_MSGSEND = YES;
				ENABLE_TESTABILITY = YES;
				GCC_C_LANGUAGE_STANDARD = gnu11;
				GCC_DYNAMIC_NO_PIC = NO;
				GCC_NO_COMMON_BLOCKS = YES;
				GCC_OPTIMIZATION_LEVEL = 0;
				GCC_PREPROCESSOR_DEFINITIONS = (
					"DEBUG=1",
					"$(inherited)",
				);
				GCC_WARN_64_TO_32_BIT_CONVERSION = YES;
				GCC_WARN_ABOUT_RETURN_TYPE = YES_ERROR;
				GCC_WARN_UNDECLARED_SELECTOR = YES;
				GCC_WARN_UNINITIALIZED_AUTOS = YES_AGGRESSIVE;
				GCC_WARN_UNUSED_FUNCTION = YES;
				GCC_WARN_UNUSED_VARIABLE = YES;
				IPHONEOS_DEPLOYMENT_TARGET = 13.5;
				MTL_ENABLE_DEBUG_INFO = INCLUDE_SOURCE;
				MTL_FAST_MATH = YES;
				ONLY_ACTIVE_ARCH = YES;
				SDKROOT = iphoneos;
				SWIFT_ACTIVE_COMPILATION_CONDITIONS = DEBUG;
				SWIFT_OPTIMIZATION_LEVEL = "-Onone";
			};
			name = Debug;
		};
		D84E560024B21251006CB136 /* Release */ = {
			isa = XCBuildConfiguration;
			buildSettings = {
				ALWAYS_SEARCH_USER_PATHS = NO;
				CLANG_ANALYZER_NONNULL = YES;
				CLANG_ANALYZER_NUMBER_OBJECT_CONVERSION = YES_AGGRESSIVE;
				CLANG_CXX_LANGUAGE_STANDARD = "gnu++14";
				CLANG_CXX_LIBRARY = "libc++";
				CLANG_ENABLE_MODULES = YES;
				CLANG_ENABLE_OBJC_ARC = YES;
				CLANG_ENABLE_OBJC_WEAK = YES;
				CLANG_WARN_BLOCK_CAPTURE_AUTORELEASING = YES;
				CLANG_WARN_BOOL_CONVERSION = YES;
				CLANG_WARN_COMMA = YES;
				CLANG_WARN_CONSTANT_CONVERSION = YES;
				CLANG_WARN_DEPRECATED_OBJC_IMPLEMENTATIONS = YES;
				CLANG_WARN_DIRECT_OBJC_ISA_USAGE = YES_ERROR;
				CLANG_WARN_DOCUMENTATION_COMMENTS = YES;
				CLANG_WARN_EMPTY_BODY = YES;
				CLANG_WARN_ENUM_CONVERSION = YES;
				CLANG_WARN_INFINITE_RECURSION = YES;
				CLANG_WARN_INT_CONVERSION = YES;
				CLANG_WARN_NON_LITERAL_NULL_CONVERSION = YES;
				CLANG_WARN_OBJC_IMPLICIT_RETAIN_SELF = YES;
				CLANG_WARN_OBJC_LITERAL_CONVERSION = YES;
				CLANG_WARN_OBJC_ROOT_CLASS = YES_ERROR;
				CLANG_WARN_QUOTED_INCLUDE_IN_FRAMEWORK_HEADER = YES;
				CLANG_WARN_RANGE_LOOP_ANALYSIS = YES;
				CLANG_WARN_STRICT_PROTOTYPES = YES;
				CLANG_WARN_SUSPICIOUS_MOVE = YES;
				CLANG_WARN_UNGUARDED_AVAILABILITY = YES_AGGRESSIVE;
				CLANG_WARN_UNREACHABLE_CODE = YES;
				CLANG_WARN__DUPLICATE_METHOD_MATCH = YES;
				COPY_PHASE_STRIP = NO;
				DEBUG_INFORMATION_FORMAT = "dwarf-with-dsym";
				ENABLE_NS_ASSERTIONS = NO;
				ENABLE_STRICT_OBJC_MSGSEND = YES;
				GCC_C_LANGUAGE_STANDARD = gnu11;
				GCC_NO_COMMON_BLOCKS = YES;
				GCC_WARN_64_TO_32_BIT_CONVERSION = YES;
				GCC_WARN_ABOUT_RETURN_TYPE = YES_ERROR;
				GCC_WARN_UNDECLARED_SELECTOR = YES;
				GCC_WARN_UNINITIALIZED_AUTOS = YES_AGGRESSIVE;
				GCC_WARN_UNUSED_FUNCTION = YES;
				GCC_WARN_UNUSED_VARIABLE = YES;
				IPHONEOS_DEPLOYMENT_TARGET = 13.5;
				MTL_ENABLE_DEBUG_INFO = NO;
				MTL_FAST_MATH = YES;
				SDKROOT = iphoneos;
				SWIFT_COMPILATION_MODE = wholemodule;
				SWIFT_OPTIMIZATION_LEVEL = "-O";
				VALIDATE_PRODUCT = YES;
			};
			name = Release;
		};
		D84E560224B21251006CB136 /* Debug */ = {
			isa = XCBuildConfiguration;
			buildSettings = {
				ASSETCATALOG_COMPILER_APPICON_NAME = AppIcon;
				CODE_SIGN_STYLE = Automatic;
				DEVELOPMENT_TEAM = PV86YXPL67;
				INFOPLIST_FILE = UsanovTestApp/Info.plist;
				LD_RUNPATH_SEARCH_PATHS = (
					"$(inherited)",
					"@executable_path/Frameworks",
				);
				PRODUCT_BUNDLE_IDENTIFIER = sunrizz.com.UsanovTestApp;
				PRODUCT_NAME = "$(TARGET_NAME)";
				SWIFT_VERSION = 5.0;
				TARGETED_DEVICE_FAMILY = "1,2";
			};
			name = Debug;
		};
		D84E560324B21251006CB136 /* Release */ = {
			isa = XCBuildConfiguration;
			buildSettings = {
				ASSETCATALOG_COMPILER_APPICON_NAME = AppIcon;
				CODE_SIGN_STYLE = Automatic;
				DEVELOPMENT_TEAM = PV86YXPL67;
				INFOPLIST_FILE = UsanovTestApp/Info.plist;
				LD_RUNPATH_SEARCH_PATHS = (
					"$(inherited)",
					"@executable_path/Frameworks",
				);
				PRODUCT_BUNDLE_IDENTIFIER = sunrizz.com.UsanovTestApp;
				PRODUCT_NAME = "$(TARGET_NAME)";
				SWIFT_VERSION = 5.0;
				TARGETED_DEVICE_FAMILY = "1,2";
			};
			name = Release;
		};
/* End XCBuildConfiguration section */

/* Begin XCConfigurationList section */
		D84E55E824B21250006CB136 /* Build configuration list for PBXProject "UsanovTestApp" */ = {
			isa = XCConfigurationList;
			buildConfigurations = (
				D84E55FF24B21251006CB136 /* Debug */,
				D84E560024B21251006CB136 /* Release */,
			);
			defaultConfigurationIsVisible = 0;
			defaultConfigurationName = Release;
		};
		D84E560124B21251006CB136 /* Build configuration list for PBXNativeTarget "UsanovTestApp" */ = {
			isa = XCConfigurationList;
			buildConfigurations = (
				D84E560224B21251006CB136 /* Debug */,
				D84E560324B21251006CB136 /* Release */,
			);
			defaultConfigurationIsVisible = 0;
			defaultConfigurationName = Release;
		};
/* End XCConfigurationList section */
	};
	rootObject = D84E55E524B21250006CB136 /* Project object */;
}
